// !$*UTF8*$!
{
	archiveVersion = 1;
	classes = {
	};
	objectVersion = 56;
	objects = {

/* Begin PBXBuildFile section */
		67E889522C959CE100101DF3 /* Pokemon_GuideApp.swift in Sources */ = {isa = PBXBuildFile; fileRef = 67E889512C959CE100101DF3 /* Pokemon_GuideApp.swift */; };
		67E889542C959CE100101DF3 /* CategoriesView.swift in Sources */ = {isa = PBXBuildFile; fileRef = 67E889532C959CE100101DF3 /* CategoriesView.swift */; };
		67E889562C959CE200101DF3 /* Assets.xcassets in Resources */ = {isa = PBXBuildFile; fileRef = 67E889552C959CE200101DF3 /* Assets.xcassets */; };
		67E889592C959CE200101DF3 /* Preview Assets.xcassets in Resources */ = {isa = PBXBuildFile; fileRef = 67E889582C959CE200101DF3 /* Preview Assets.xcassets */; };
		67E889612C959DCE00101DF3 /* pokemonData.json in Resources */ = {isa = PBXBuildFile; fileRef = 67E889602C959DCE00101DF3 /* pokemonData.json */; };
		67E889632C959E8300101DF3 /* PokemonView.swift in Sources */ = {isa = PBXBuildFile; fileRef = 67E889622C959E8300101DF3 /* PokemonView.swift */; };
		67E889652C959EA600101DF3 /* DetailView.swift in Sources */ = {isa = PBXBuildFile; fileRef = 67E889642C959EA600101DF3 /* DetailView.swift */; };
		67E8896A2C959F5900101DF3 /* DataService.swift in Sources */ = {isa = PBXBuildFile; fileRef = 67E889692C959F5900101DF3 /* DataService.swift */; };
		67E8896C2C95A01B00101DF3 /* Category.swift in Sources */ = {isa = PBXBuildFile; fileRef = 67E8896B2C95A01B00101DF3 /* Category.swift */; };
		67E8896E2C95A03100101DF3 /* Pokemon.swift in Sources */ = {isa = PBXBuildFile; fileRef = 67E8896D2C95A03100101DF3 /* Pokemon.swift */; };
/* End PBXBuildFile section */

/* Begin PBXFileReference section */
		67E8894E2C959CE100101DF3 /* Pokemon Guide.app */ = {isa = PBXFileReference; explicitFileType = wrapper.application; includeInIndex = 0; path = "Pokemon Guide.app"; sourceTree = BUILT_PRODUCTS_DIR; };
		67E889512C959CE100101DF3 /* Pokemon_GuideApp.swift */ = {isa = PBXFileReference; lastKnownFileType = sourcecode.swift; path = Pokemon_GuideApp.swift; sourceTree = "<group>"; };
		67E889532C959CE100101DF3 /* CategoriesView.swift */ = {isa = PBXFileReference; lastKnownFileType = sourcecode.swift; path = CategoriesView.swift; sourceTree = "<group>"; };
		67E889552C959CE200101DF3 /* Assets.xcassets */ = {isa = PBXFileReference; lastKnownFileType = folder.assetcatalog; path = Assets.xcassets; sourceTree = "<group>"; };
		67E889582C959CE200101DF3 /* Preview Assets.xcassets */ = {isa = PBXFileReference; lastKnownFileType = folder.assetcatalog; path = "Preview Assets.xcassets"; sourceTree = "<group>"; };
		67E889602C959DCE00101DF3 /* pokemonData.json */ = {isa = PBXFileReference; fileEncoding = 4; lastKnownFileType = text.json; path = pokemonData.json; sourceTree = "<group>"; };
		67E889622C959E8300101DF3 /* PokemonView.swift */ = {isa = PBXFileReference; lastKnownFileType = sourcecode.swift; path = PokemonView.swift; sourceTree = "<group>"; };
		67E889642C959EA600101DF3 /* DetailView.swift */ = {isa = PBXFileReference; lastKnownFileType = sourcecode.swift; path = DetailView.swift; sourceTree = "<group>"; };
		67E889692C959F5900101DF3 /* DataService.swift */ = {isa = PBXFileReference; lastKnownFileType = sourcecode.swift; path = DataService.swift; sourceTree = "<group>"; };
		67E8896B2C95A01B00101DF3 /* Category.swift */ = {isa = PBXFileReference; lastKnownFileType = sourcecode.swift; path = Category.swift; sourceTree = "<group>"; };
		67E8896D2C95A03100101DF3 /* Pokemon.swift */ = {isa = PBXFileReference; lastKnownFileType = sourcecode.swift; path = Pokemon.swift; sourceTree = "<group>"; };
/* End PBXFileReference section */

/* Begin PBXFrameworksBuildPhase section */
		67E8894B2C959CE100101DF3 /* Frameworks */ = {
			isa = PBXFrameworksBuildPhase;
			buildActionMask = 2147483647;
			files = (
			);
			runOnlyForDeploymentPostprocessing = 0;
		};
/* End PBXFrameworksBuildPhase section */

/* Begin PBXGroup section */
		67E889452C959CE100101DF3 = {
			isa = PBXGroup;
			children = (
				67E889502C959CE100101DF3 /* Pokemon Guide */,
				67E8894F2C959CE100101DF3 /* Products */,
			);
			sourceTree = "<group>";
		};
		67E8894F2C959CE100101DF3 /* Products */ = {
			isa = PBXGroup;
			children = (
				67E8894E2C959CE100101DF3 /* Pokemon Guide.app */,
			);
			name = Products;
			sourceTree = "<group>";
		};
		67E889502C959CE100101DF3 /* Pokemon Guide */ = {
			isa = PBXGroup;
			children = (
				67E889512C959CE100101DF3 /* Pokemon_GuideApp.swift */,
				67E889662C959EB400101DF3 /* Views */,
				67E889672C959F0D00101DF3 /* Models */,
				67E889682C959F1700101DF3 /* Data */,
				67E889552C959CE200101DF3 /* Assets.xcassets */,
				67E889572C959CE200101DF3 /* Preview Content */,
			);
			path = "Pokemon Guide";
			sourceTree = "<group>";
		};
		67E889572C959CE200101DF3 /* Preview Content */ = {
			isa = PBXGroup;
			children = (
				67E889582C959CE200101DF3 /* Preview Assets.xcassets */,
			);
			path = "Preview Content";
			sourceTree = "<group>";
		};
		67E889662C959EB400101DF3 /* Views */ = {
			isa = PBXGroup;
			children = (
				67E889532C959CE100101DF3 /* CategoriesView.swift */,
				67E889622C959E8300101DF3 /* PokemonView.swift */,
				67E889642C959EA600101DF3 /* DetailView.swift */,
			);
			path = Views;
			sourceTree = "<group>";
		};
		67E889672C959F0D00101DF3 /* Models */ = {
			isa = PBXGroup;
			children = (
				67E8896B2C95A01B00101DF3 /* Category.swift */,
				67E8896D2C95A03100101DF3 /* Pokemon.swift */,
			);
			path = Models;
			sourceTree = "<group>";
		};
		67E889682C959F1700101DF3 /* Data */ = {
			isa = PBXGroup;
			children = (
				67E889602C959DCE00101DF3 /* pokemonData.json */,
				67E889692C959F5900101DF3 /* DataService.swift */,
			);
			path = Data;
			sourceTree = "<group>";
		};
/* End PBXGroup section */

/* Begin PBXNativeTarget section */
		67E8894D2C959CE100101DF3 /* Pokemon Guide */ = {
			isa = PBXNativeTarget;
			buildConfigurationList = 67E8895C2C959CE200101DF3 /* Build configuration list for PBXNativeTarget "Pokemon Guide" */;
			buildPhases = (
				67E8894A2C959CE100101DF3 /* Sources */,
				67E8894B2C959CE100101DF3 /* Frameworks */,
				67E8894C2C959CE100101DF3 /* Resources */,
			);
			buildRules = (
			);
			dependencies = (
			);
			name = "Pokemon Guide";
			productName = "Pokemon Guide";
			productReference = 67E8894E2C959CE100101DF3 /* Pokemon Guide.app */;
			productType = "com.apple.product-type.application";
		};
/* End PBXNativeTarget section */

/* Begin PBXProject section */
		67E889462C959CE100101DF3 /* Project object */ = {
			isa = PBXProject;
			attributes = {
				BuildIndependentTargetsInParallel = 1;
				LastSwiftUpdateCheck = 1540;
				LastUpgradeCheck = 1540;
				TargetAttributes = {
					67E8894D2C959CE100101DF3 = {
						CreatedOnToolsVersion = 15.4;
					};
				};
			};
			buildConfigurationList = 67E889492C959CE100101DF3 /* Build configuration list for PBXProject "Pokemon Guide" */;
			compatibilityVersion = "Xcode 14.0";
			developmentRegion = en;
			hasScannedForEncodings = 0;
			knownRegions = (
				en,
				Base,
			);
			mainGroup = 67E889452C959CE100101DF3;
			productRefGroup = 67E8894F2C959CE100101DF3 /* Products */;
			projectDirPath = "";
			projectRoot = "";
			targets = (
				67E8894D2C959CE100101DF3 /* Pokemon Guide */,
			);
		};
/* End PBXProject section */

/* Begin PBXResourcesBuildPhase section */
		67E8894C2C959CE100101DF3 /* Resources */ = {
			isa = PBXResourcesBuildPhase;
			buildActionMask = 2147483647;
			files = (
				67E889592C959CE200101DF3 /* Preview Assets.xcassets in Resources */,
				67E889612C959DCE00101DF3 /* pokemonData.json in Resources */,
				67E889562C959CE200101DF3 /* Assets.xcassets in Resources */,
			);
			runOnlyForDeploymentPostprocessing = 0;
		};
/* End PBXResourcesBuildPhase section */

/* Begin PBXSourcesBuildPhase section */
		67E8894A2C959CE100101DF3 /* Sources */ = {
			isa = PBXSourcesBuildPhase;
			buildActionMask = 2147483647;
			files = (
				67E8896E2C95A03100101DF3 /* Pokemon.swift in Sources */,
				67E889632C959E8300101DF3 /* PokemonView.swift in Sources */,
				67E889652C959EA600101DF3 /* DetailView.swift in Sources */,
				67E889542C959CE100101DF3 /* CategoriesView.swift in Sources */,
				67E889522C959CE100101DF3 /* Pokemon_GuideApp.swift in Sources */,
				67E8896A2C959F5900101DF3 /* DataService.swift in Sources */,
				67E8896C2C95A01B00101DF3 /* Category.swift in Sources */,
			);
			runOnlyForDeploymentPostprocessing = 0;
		};
/* End PBXSourcesBuildPhase section */

/* Begin XCBuildConfiguration section */
		67E8895A2C959CE200101DF3 /* Debug */ = {
			isa = XCBuildConfiguration;
			buildSettings = {
				ALWAYS_SEARCH_USER_PATHS = NO;
				ASSETCATALOG_COMPILER_GENERATE_SWIFT_ASSET_SYMBOL_EXTENSIONS = YES;
				CLANG_ANALYZER_NONNULL = YES;
				CLANG_ANALYZER_NUMBER_OBJECT_CONVERSION = YES_AGGRESSIVE;
				CLANG_CXX_LANGUAGE_STANDARD = "gnu++20";
				CLANG_ENABLE_MODULES = YES;
				CLANG_ENABLE_OBJC_ARC = YES;
				CLANG_ENABLE_OBJC_WEAK = YES;
				CLANG_WARN_BLOCK_CAPTURE_AUTORELEASING = YES;
				CLANG_WARN_BOOL_CONVERSION = YES;
				CLANG_WARN_COMMA = YES;
				CLANG_WARN_CONSTANT_CONVERSION = YES;
				CLANG_WARN_DEPRECATED_OBJC_IMPLEMENTATIONS = YES;
				CLANG_WARN_DIRECT_OBJC_ISA_USAGE = YES_ERROR;
				CLANG_WARN_DOCUMENTATION_COMMENTS = YES;
				CLANG_WARN_EMPTY_BODY = YES;
				CLANG_WARN_ENUM_CONVERSION = YES;
				CLANG_WARN_INFINITE_RECURSION = YES;
				CLANG_WARN_INT_CONVERSION = YES;
				CLANG_WARN_NON_LITERAL_NULL_CONVERSION = YES;
				CLANG_WARN_OBJC_IMPLICIT_RETAIN_SELF = YES;
				CLANG_WARN_OBJC_LITERAL_CONVERSION = YES;
				CLANG_WARN_OBJC_ROOT_CLASS = YES_ERROR;
				CLANG_WARN_QUOTED_INCLUDE_IN_FRAMEWORK_HEADER = YES;
				CLANG_WARN_RANGE_LOOP_ANALYSIS = YES;
				CLANG_WARN_STRICT_PROTOTYPES = YES;
				CLANG_WARN_SUSPICIOUS_MOVE = YES;
				CLANG_WARN_UNGUARDED_AVAILABILITY = YES_AGGRESSIVE;
				CLANG_WARN_UNREACHABLE_CODE = YES;
				CLANG_WARN__DUPLICATE_METHOD_MATCH = YES;
				COPY_PHASE_STRIP = NO;
				DEBUG_INFORMATION_FORMAT = dwarf;
				ENABLE_STRICT_OBJC_MSGSEND = YES;
				ENABLE_TESTABILITY = YES;
				ENABLE_USER_SCRIPT_SANDBOXING = YES;
				GCC_C_LANGUAGE_STANDARD = gnu17;
				GCC_DYNAMIC_NO_PIC = NO;
				GCC_NO_COMMON_BLOCKS = YES;
				GCC_OPTIMIZATION_LEVEL = 0;
				GCC_PREPROCESSOR_DEFINITIONS = (
					"DEBUG=1",
					"$(inherited)",
				);
				GCC_WARN_64_TO_32_BIT_CONVERSION = YES;
				GCC_WARN_ABOUT_RETURN_TYPE = YES_ERROR;
				GCC_WARN_UNDECLARED_SELECTOR = YES;
				GCC_WARN_UNINITIALIZED_AUTOS = YES_AGGRESSIVE;
				GCC_WARN_UNUSED_FUNCTION = YES;
				GCC_WARN_UNUSED_VARIABLE = YES;
				IPHONEOS_DEPLOYMENT_TARGET = 17.5;
				LOCALIZATION_PREFERS_STRING_CATALOGS = YES;
				MTL_ENABLE_DEBUG_INFO = INCLUDE_SOURCE;
				MTL_FAST_MATH = YES;
				ONLY_ACTIVE_ARCH = YES;
				SDKROOT = iphoneos;
				SWIFT_ACTIVE_COMPILATION_CONDITIONS = "DEBUG $(inherited)";
				SWIFT_OPTIMIZATION_LEVEL = "-Onone";
			};
			name = Debug;
		};
		67E8895B2C959CE200101DF3 /* Release */ = {
			isa = XCBuildConfiguration;
			buildSettings = {
				ALWAYS_SEARCH_USER_PATHS = NO;
				ASSETCATALOG_COMPILER_GENERATE_SWIFT_ASSET_SYMBOL_EXTENSIONS = YES;
				CLANG_ANALYZER_NONNULL = YES;
				CLANG_ANALYZER_NUMBER_OBJECT_CONVERSION = YES_AGGRESSIVE;
				CLANG_CXX_LANGUAGE_STANDARD = "gnu++20";
				CLANG_ENABLE_MODULES = YES;
				CLANG_ENABLE_OBJC_ARC = YES;
				CLANG_ENABLE_OBJC_WEAK = YES;
				CLANG_WARN_BLOCK_CAPTURE_AUTORELEASING = YES;
				CLANG_WARN_BOOL_CONVERSION = YES;
				CLANG_WARN_COMMA = YES;
				CLANG_WARN_CONSTANT_CONVERSION = YES;
				CLANG_WARN_DEPRECATED_OBJC_IMPLEMENTATIONS = YES;
				CLANG_WARN_DIRECT_OBJC_ISA_USAGE = YES_ERROR;
				CLANG_WARN_DOCUMENTATION_COMMENTS = YES;
				CLANG_WARN_EMPTY_BODY = YES;
				CLANG_WARN_ENUM_CONVERSION = YES;
				CLANG_WARN_INFINITE_RECURSION = YES;
				CLANG_WARN_INT_CONVERSION = YES;
				CLANG_WARN_NON_LITERAL_NULL_CONVERSION = YES;
				CLANG_WARN_OBJC_IMPLICIT_RETAIN_SELF = YES;
				CLANG_WARN_OBJC_LITERAL_CONVERSION = YES;
				CLANG_WARN_OBJC_ROOT_CLASS = YES_ERROR;
				CLANG_WARN_QUOTED_INCLUDE_IN_FRAMEWORK_HEADER = YES;
				CLANG_WARN_RANGE_LOOP_ANALYSIS = YES;
				CLANG_WARN_STRICT_PROTOTYPES = YES;
				CLANG_WARN_SUSPICIOUS_MOVE = YES;
				CLANG_WARN_UNGUARDED_AVAILABILITY = YES_AGGRESSIVE;
				CLANG_WARN_UNREACHABLE_CODE = YES;
				CLANG_WARN__DUPLICATE_METHOD_MATCH = YES;
				COPY_PHASE_STRIP = NO;
				DEBUG_INFORMATION_FORMAT = "dwarf-with-dsym";
				ENABLE_NS_ASSERTIONS = NO;
				ENABLE_STRICT_OBJC_MSGSEND = YES;
				ENABLE_USER_SCRIPT_SANDBOXING = YES;
				GCC_C_LANGUAGE_STANDARD = gnu17;
				GCC_NO_COMMON_BLOCKS = YES;
				GCC_WARN_64_TO_32_BIT_CONVERSION = YES;
				GCC_WARN_ABOUT_RETURN_TYPE = YES_ERROR;
				GCC_WARN_UNDECLARED_SELECTOR = YES;
				GCC_WARN_UNINITIALIZED_AUTOS = YES_AGGRESSIVE;
				GCC_WARN_UNUSED_FUNCTION = YES;
				GCC_WARN_UNUSED_VARIABLE = YES;
				IPHONEOS_DEPLOYMENT_TARGET = 17.5;
				LOCALIZATION_PREFERS_STRING_CATALOGS = YES;
				MTL_ENABLE_DEBUG_INFO = NO;
				MTL_FAST_MATH = YES;
				SDKROOT = iphoneos;
				SWIFT_COMPILATION_MODE = wholemodule;
				VALIDATE_PRODUCT = YES;
			};
			name = Release;
		};
		67E8895D2C959CE200101DF3 /* Debug */ = {
			isa = XCBuildConfiguration;
			buildSettings = {
				ASSETCATALOG_COMPILER_APPICON_NAME = AppIcon;
				ASSETCATALOG_COMPILER_GLOBAL_ACCENT_COLOR_NAME = AccentColor;
				CODE_SIGN_STYLE = Automatic;
				CURRENT_PROJECT_VERSION = 1;
				DEVELOPMENT_ASSET_PATHS = "\"Pokemon Guide/Preview Content\"";
				DEVELOPMENT_TEAM = T6KZE4JTMY;
				ENABLE_PREVIEWS = YES;
				GENERATE_INFOPLIST_FILE = YES;
				INFOPLIST_KEY_UIApplicationSceneManifest_Generation = YES;
				INFOPLIST_KEY_UIApplicationSupportsIndirectInputEvents = YES;
				INFOPLIST_KEY_UILaunchScreen_Generation = YES;
				INFOPLIST_KEY_UISupportedInterfaceOrientations_iPad = "UIInterfaceOrientationPortrait UIInterfaceOrientationPortraitUpsideDown UIInterfaceOrientationLandscapeLeft UIInterfaceOrientationLandscapeRight";
				INFOPLIST_KEY_UISupportedInterfaceOrientations_iPhone = "UIInterfaceOrientationPortrait UIInterfaceOrientationLandscapeLeft UIInterfaceOrientationLandscapeRight";
				LD_RUNPATH_SEARCH_PATHS = (
					"$(inherited)",
					"@executable_path/Frameworks",
				);
				MARKETING_VERSION = 1.0;
				PRODUCT_BUNDLE_IDENTIFIER = "com.amundring.Pokemon-Guide";
				PRODUCT_NAME = "$(TARGET_NAME)";
				SWIFT_EMIT_LOC_STRINGS = YES;
				SWIFT_VERSION = 5.0;
				TARGETED_DEVICE_FAMILY = "1,2";
			};
			name = Debug;
		};
		67E8895E2C959CE200101DF3 /* Release */ = {
			isa = XCBuildConfiguration;
			buildSettings = {
				ASSETCATALOG_COMPILER_APPICON_NAME = AppIcon;
				ASSETCATALOG_COMPILER_GLOBAL_ACCENT_COLOR_NAME = AccentColor;
				CODE_SIGN_STYLE = Automatic;
				CURRENT_PROJECT_VERSION = 1;
				DEVELOPMENT_ASSET_PATHS = "\"Pokemon Guide/Preview Content\"";
				DEVELOPMENT_TEAM = T6KZE4JTMY;
				ENABLE_PREVIEWS = YES;
				GENERATE_INFOPLIST_FILE = YES;
				INFOPLIST_KEY_UIApplicationSceneManifest_Generation = YES;
				INFOPLIST_KEY_UIApplicationSupportsIndirectInputEvents = YES;
				INFOPLIST_KEY_UILaunchScreen_Generation = YES;
				INFOPLIST_KEY_UISupportedInterfaceOrientations_iPad = "UIInterfaceOrientationPortrait UIInterfaceOrientationPortraitUpsideDown UIInterfaceOrientationLandscapeLeft UIInterfaceOrientationLandscapeRight";
				INFOPLIST_KEY_UISupportedInterfaceOrientations_iPhone = "UIInterfaceOrientationPortrait UIInterfaceOrientationLandscapeLeft UIInterfaceOrientationLandscapeRight";
				LD_RUNPATH_SEARCH_PATHS = (
					"$(inherited)",
					"@executable_path/Frameworks",
				);
				MARKETING_VERSION = 1.0;
				PRODUCT_BUNDLE_IDENTIFIER = "com.amundring.Pokemon-Guide";
				PRODUCT_NAME = "$(TARGET_NAME)";
				SWIFT_EMIT_LOC_STRINGS = YES;
				SWIFT_VERSION = 5.0;
				TARGETED_DEVICE_FAMILY = "1,2";
			};
			name = Release;
		};
/* End XCBuildConfiguration section */

/* Begin XCConfigurationList section */
		67E889492C959CE100101DF3 /* Build configuration list for PBXProject "Pokemon Guide" */ = {
			isa = XCConfigurationList;
			buildConfigurations = (
				67E8895A2C959CE200101DF3 /* Debug */,
				67E8895B2C959CE200101DF3 /* Release */,
			);
			defaultConfigurationIsVisible = 0;
			defaultConfigurationName = Release;
		};
		67E8895C2C959CE200101DF3 /* Build configuration list for PBXNativeTarget "Pokemon Guide" */ = {
			isa = XCConfigurationList;
			buildConfigurations = (
				67E8895D2C959CE200101DF3 /* Debug */,
				67E8895E2C959CE200101DF3 /* Release */,
			);
			defaultConfigurationIsVisible = 0;
			defaultConfigurationName = Release;
		};
/* End XCConfigurationList section */
	};
	rootObject = 67E889462C959CE100101DF3 /* Project object */;
}
